// !$*UTF8*$!
{
	archiveVersion = 1;
	classes = {
	};
	objectVersion = 56;
	objects = {

/* Begin PBXBuildFile section */
		CC3780792BE9E95A009313EA /* AppDelegate.swift in Sources */ = {isa = PBXBuildFile; fileRef = CC3780782BE9E95A009313EA /* AppDelegate.swift */; };
		CC37807B2BE9E95A009313EA /* SceneDelegate.swift in Sources */ = {isa = PBXBuildFile; fileRef = CC37807A2BE9E95A009313EA /* SceneDelegate.swift */; };
		CC37807D2BE9E95A009313EA /* MatchInfoView.swift in Sources */ = {isa = PBXBuildFile; fileRef = CC37807C2BE9E95A009313EA /* MatchInfoView.swift */; };
		CC3780822BE9E95B009313EA /* Assets.xcassets in Resources */ = {isa = PBXBuildFile; fileRef = CC3780812BE9E95B009313EA /* Assets.xcassets */; };
		CC3780852BE9E95B009313EA /* LaunchScreen.storyboard in Resources */ = {isa = PBXBuildFile; fileRef = CC3780832BE9E95B009313EA /* LaunchScreen.storyboard */; };
		CC4FBC652BEEF68800B23124 /* Match.swift in Sources */ = {isa = PBXBuildFile; fileRef = CC4FBC642BEEF68800B23124 /* Match.swift */; };
		CC84E0CF2BEB0B1A00BC3FEE /* MatchInfoDetailView.swift in Sources */ = {isa = PBXBuildFile; fileRef = CC84E0CE2BEB0B1A00BC3FEE /* MatchInfoDetailView.swift */; };
/* End PBXBuildFile section */

/* Begin PBXFileReference section */
		CC3780752BE9E95A009313EA /* DevilsDingDong.app */ = {isa = PBXFileReference; explicitFileType = wrapper.application; includeInIndex = 0; path = DevilsDingDong.app; sourceTree = BUILT_PRODUCTS_DIR; };
		CC3780782BE9E95A009313EA /* AppDelegate.swift */ = {isa = PBXFileReference; lastKnownFileType = sourcecode.swift; path = AppDelegate.swift; sourceTree = "<group>"; };
		CC37807A2BE9E95A009313EA /* SceneDelegate.swift */ = {isa = PBXFileReference; lastKnownFileType = sourcecode.swift; path = SceneDelegate.swift; sourceTree = "<group>"; };
		CC37807C2BE9E95A009313EA /* MatchInfoView.swift */ = {isa = PBXFileReference; lastKnownFileType = sourcecode.swift; path = MatchInfoView.swift; sourceTree = "<group>"; };
		CC3780812BE9E95B009313EA /* Assets.xcassets */ = {isa = PBXFileReference; lastKnownFileType = folder.assetcatalog; path = Assets.xcassets; sourceTree = "<group>"; };
		CC3780842BE9E95B009313EA /* Base */ = {isa = PBXFileReference; lastKnownFileType = file.storyboard; name = Base; path = Base.lproj/LaunchScreen.storyboard; sourceTree = "<group>"; };
		CC3780862BE9E95B009313EA /* Info.plist */ = {isa = PBXFileReference; lastKnownFileType = text.plist.xml; path = Info.plist; sourceTree = "<group>"; };
		CC4FBC642BEEF68800B23124 /* Match.swift */ = {isa = PBXFileReference; lastKnownFileType = sourcecode.swift; path = Match.swift; sourceTree = "<group>"; };
		CC84E0CE2BEB0B1A00BC3FEE /* MatchInfoDetailView.swift */ = {isa = PBXFileReference; lastKnownFileType = sourcecode.swift; path = MatchInfoDetailView.swift; sourceTree = "<group>"; };
/* End PBXFileReference section */

/* Begin PBXFrameworksBuildPhase section */
		CC3780722BE9E95A009313EA /* Frameworks */ = {
			isa = PBXFrameworksBuildPhase;
			buildActionMask = 2147483647;
			files = (
			);
			runOnlyForDeploymentPostprocessing = 0;
		};
/* End PBXFrameworksBuildPhase section */

/* Begin PBXGroup section */
		CC37806C2BE9E95A009313EA = {
			isa = PBXGroup;
			children = (
				CC3780772BE9E95A009313EA /* DevilsDingDong */,
				CC3780762BE9E95A009313EA /* Products */,
			);
			sourceTree = "<group>";
		};
		CC3780762BE9E95A009313EA /* Products */ = {
			isa = PBXGroup;
			children = (
				CC3780752BE9E95A009313EA /* DevilsDingDong.app */,
			);
			name = Products;
			sourceTree = "<group>";
		};
		CC3780772BE9E95A009313EA /* DevilsDingDong */ = {
			isa = PBXGroup;
			children = (
				CC4FBC632BEEF67800B23124 /* Model */,
				CC3780782BE9E95A009313EA /* AppDelegate.swift */,
				CC37807A2BE9E95A009313EA /* SceneDelegate.swift */,
				CC37807C2BE9E95A009313EA /* MatchInfoView.swift */,
				CC84E0CE2BEB0B1A00BC3FEE /* MatchInfoDetailView.swift */,
				CC3780812BE9E95B009313EA /* Assets.xcassets */,
				CC3780832BE9E95B009313EA /* LaunchScreen.storyboard */,
				CC3780862BE9E95B009313EA /* Info.plist */,
			);
			path = DevilsDingDong;
			sourceTree = "<group>";
		};
		CC4FBC632BEEF67800B23124 /* Model */ = {
			isa = PBXGroup;
			children = (
				CC4FBC642BEEF68800B23124 /* Match.swift */,
			);
			path = Model;
			sourceTree = "<group>";
		};
/* End PBXGroup section */

/* Begin PBXNativeTarget section */
		CC3780742BE9E95A009313EA /* DevilsDingDong */ = {
			isa = PBXNativeTarget;
			buildConfigurationList = CC3780892BE9E95B009313EA /* Build configuration list for PBXNativeTarget "DevilsDingDong" */;
			buildPhases = (
				CC3780712BE9E95A009313EA /* Sources */,
				CC3780722BE9E95A009313EA /* Frameworks */,
				CC3780732BE9E95A009313EA /* Resources */,
			);
			buildRules = (
			);
			dependencies = (
			);
			name = DevilsDingDong;
			productName = DevilsDingDong;
			productReference = CC3780752BE9E95A009313EA /* DevilsDingDong.app */;
			productType = "com.apple.product-type.application";
		};
/* End PBXNativeTarget section */

/* Begin PBXProject section */
		CC37806D2BE9E95A009313EA /* Project object */ = {
			isa = PBXProject;
			attributes = {
				BuildIndependentTargetsInParallel = 1;
				LastSwiftUpdateCheck = 1520;
				LastUpgradeCheck = 1520;
				TargetAttributes = {
					CC3780742BE9E95A009313EA = {
						CreatedOnToolsVersion = 15.2;
					};
				};
			};
			buildConfigurationList = CC3780702BE9E95A009313EA /* Build configuration list for PBXProject "DevilsDingDong" */;
			compatibilityVersion = "Xcode 14.0";
			developmentRegion = en;
			hasScannedForEncodings = 0;
			knownRegions = (
				en,
				Base,
			);
			mainGroup = CC37806C2BE9E95A009313EA;
			productRefGroup = CC3780762BE9E95A009313EA /* Products */;
			projectDirPath = "";
			projectRoot = "";
			targets = (
				CC3780742BE9E95A009313EA /* DevilsDingDong */,
			);
		};
/* End PBXProject section */

/* Begin PBXResourcesBuildPhase section */
		CC3780732BE9E95A009313EA /* Resources */ = {
			isa = PBXResourcesBuildPhase;
			buildActionMask = 2147483647;
			files = (
				CC3780852BE9E95B009313EA /* LaunchScreen.storyboard in Resources */,
				CC3780822BE9E95B009313EA /* Assets.xcassets in Resources */,
			);
			runOnlyForDeploymentPostprocessing = 0;
		};
/* End PBXResourcesBuildPhase section */

/* Begin PBXSourcesBuildPhase section */
		CC3780712BE9E95A009313EA /* Sources */ = {
			isa = PBXSourcesBuildPhase;
			buildActionMask = 2147483647;
			files = (
				CC37807D2BE9E95A009313EA /* MatchInfoView.swift in Sources */,
				CC3780792BE9E95A009313EA /* AppDelegate.swift in Sources */,
				CC37807B2BE9E95A009313EA /* SceneDelegate.swift in Sources */,
				CC4FBC652BEEF68800B23124 /* Match.swift in Sources */,
				CC84E0CF2BEB0B1A00BC3FEE /* MatchInfoDetailView.swift in Sources */,
			);
			runOnlyForDeploymentPostprocessing = 0;
		};
/* End PBXSourcesBuildPhase section */

/* Begin PBXVariantGroup section */
		CC3780832BE9E95B009313EA /* LaunchScreen.storyboard */ = {
			isa = PBXVariantGroup;
			children = (
				CC3780842BE9E95B009313EA /* Base */,
			);
			name = LaunchScreen.storyboard;
			sourceTree = "<group>";
		};
/* End PBXVariantGroup section */

/* Begin XCBuildConfiguration section */
		CC3780872BE9E95B009313EA /* Debug */ = {
			isa = XCBuildConfiguration;
			buildSettings = {
				ALWAYS_SEARCH_USER_PATHS = NO;
				ASSETCATALOG_COMPILER_GENERATE_SWIFT_ASSET_SYMBOL_EXTENSIONS = YES;
				CLANG_ANALYZER_NONNULL = YES;
				CLANG_ANALYZER_NUMBER_OBJECT_CONVERSION = YES_AGGRESSIVE;
				CLANG_CXX_LANGUAGE_STANDARD = "gnu++20";
				CLANG_ENABLE_MODULES = YES;
				CLANG_ENABLE_OBJC_ARC = YES;
				CLANG_ENABLE_OBJC_WEAK = YES;
				CLANG_WARN_BLOCK_CAPTURE_AUTORELEASING = YES;
				CLANG_WARN_BOOL_CONVERSION = YES;
				CLANG_WARN_COMMA = YES;
				CLANG_WARN_CONSTANT_CONVERSION = YES;
				CLANG_WARN_DEPRECATED_OBJC_IMPLEMENTATIONS = YES;
				CLANG_WARN_DIRECT_OBJC_ISA_USAGE = YES_ERROR;
				CLANG_WARN_DOCUMENTATION_COMMENTS = YES;
				CLANG_WARN_EMPTY_BODY = YES;
				CLANG_WARN_ENUM_CONVERSION = YES;
				CLANG_WARN_INFINITE_RECURSION = YES;
				CLANG_WARN_INT_CONVERSION = YES;
				CLANG_WARN_NON_LITERAL_NULL_CONVERSION = YES;
				CLANG_WARN_OBJC_IMPLICIT_RETAIN_SELF = YES;
				CLANG_WARN_OBJC_LITERAL_CONVERSION = YES;
				CLANG_WARN_OBJC_ROOT_CLASS = YES_ERROR;
				CLANG_WARN_QUOTED_INCLUDE_IN_FRAMEWORK_HEADER = YES;
				CLANG_WARN_RANGE_LOOP_ANALYSIS = YES;
				CLANG_WARN_STRICT_PROTOTYPES = YES;
				CLANG_WARN_SUSPICIOUS_MOVE = YES;
				CLANG_WARN_UNGUARDED_AVAILABILITY = YES_AGGRESSIVE;
				CLANG_WARN_UNREACHABLE_CODE = YES;
				CLANG_WARN__DUPLICATE_METHOD_MATCH = YES;
				COPY_PHASE_STRIP = NO;
				DEBUG_INFORMATION_FORMAT = dwarf;
				ENABLE_STRICT_OBJC_MSGSEND = YES;
				ENABLE_TESTABILITY = YES;
				ENABLE_USER_SCRIPT_SANDBOXING = YES;
				GCC_C_LANGUAGE_STANDARD = gnu17;
				GCC_DYNAMIC_NO_PIC = NO;
				GCC_NO_COMMON_BLOCKS = YES;
				GCC_OPTIMIZATION_LEVEL = 0;
				GCC_PREPROCESSOR_DEFINITIONS = (
					"DEBUG=1",
					"$(inherited)",
				);
				GCC_WARN_64_TO_32_BIT_CONVERSION = YES;
				GCC_WARN_ABOUT_RETURN_TYPE = YES_ERROR;
				GCC_WARN_UNDECLARED_SELECTOR = YES;
				GCC_WARN_UNINITIALIZED_AUTOS = YES_AGGRESSIVE;
				GCC_WARN_UNUSED_FUNCTION = YES;
				GCC_WARN_UNUSED_VARIABLE = YES;
				IPHONEOS_DEPLOYMENT_TARGET = 15.0;
				LOCALIZATION_PREFERS_STRING_CATALOGS = YES;
				MTL_ENABLE_DEBUG_INFO = INCLUDE_SOURCE;
				MTL_FAST_MATH = YES;
				ONLY_ACTIVE_ARCH = YES;
				SDKROOT = iphoneos;
				SWIFT_ACTIVE_COMPILATION_CONDITIONS = "DEBUG $(inherited)";
				SWIFT_OPTIMIZATION_LEVEL = "-Onone";
			};
			name = Debug;
		};
		CC3780882BE9E95B009313EA /* Release */ = {
			isa = XCBuildConfiguration;
			buildSettings = {
				ALWAYS_SEARCH_USER_PATHS = NO;
				ASSETCATALOG_COMPILER_GENERATE_SWIFT_ASSET_SYMBOL_EXTENSIONS = YES;
				CLANG_ANALYZER_NONNULL = YES;
				CLANG_ANALYZER_NUMBER_OBJECT_CONVERSION = YES_AGGRESSIVE;
				CLANG_CXX_LANGUAGE_STANDARD = "gnu++20";
				CLANG_ENABLE_MODULES = YES;
				CLANG_ENABLE_OBJC_ARC = YES;
				CLANG_ENABLE_OBJC_WEAK = YES;
				CLANG_WARN_BLOCK_CAPTURE_AUTORELEASING = YES;
				CLANG_WARN_BOOL_CONVERSION = YES;
				CLANG_WARN_COMMA = YES;
				CLANG_WARN_CONSTANT_CONVERSION = YES;
				CLANG_WARN_DEPRECATED_OBJC_IMPLEMENTATIONS = YES;
				CLANG_WARN_DIRECT_OBJC_ISA_USAGE = YES_ERROR;
				CLANG_WARN_DOCUMENTATION_COMMENTS = YES;
				CLANG_WARN_EMPTY_BODY = YES;
				CLANG_WARN_ENUM_CONVERSION = YES;
				CLANG_WARN_INFINITE_RECURSION = YES;
				CLANG_WARN_INT_CONVERSION = YES;
				CLANG_WARN_NON_LITERAL_NULL_CONVERSION = YES;
				CLANG_WARN_OBJC_IMPLICIT_RETAIN_SELF = YES;
				CLANG_WARN_OBJC_LITERAL_CONVERSION = YES;
				CLANG_WARN_OBJC_ROOT_CLASS = YES_ERROR;
				CLANG_WARN_QUOTED_INCLUDE_IN_FRAMEWORK_HEADER = YES;
				CLANG_WARN_RANGE_LOOP_ANALYSIS = YES;
				CLANG_WARN_STRICT_PROTOTYPES = YES;
				CLANG_WARN_SUSPICIOUS_MOVE = YES;
				CLANG_WARN_UNGUARDED_AVAILABILITY = YES_AGGRESSIVE;
				CLANG_WARN_UNREACHABLE_CODE = YES;
				CLANG_WARN__DUPLICATE_METHOD_MATCH = YES;
				COPY_PHASE_STRIP = NO;
				DEBUG_INFORMATION_FORMAT = "dwarf-with-dsym";
				ENABLE_NS_ASSERTIONS = NO;
				ENABLE_STRICT_OBJC_MSGSEND = YES;
				ENABLE_USER_SCRIPT_SANDBOXING = YES;
				GCC_C_LANGUAGE_STANDARD = gnu17;
				GCC_NO_COMMON_BLOCKS = YES;
				GCC_WARN_64_TO_32_BIT_CONVERSION = YES;
				GCC_WARN_ABOUT_RETURN_TYPE = YES_ERROR;
				GCC_WARN_UNDECLARED_SELECTOR = YES;
				GCC_WARN_UNINITIALIZED_AUTOS = YES_AGGRESSIVE;
				GCC_WARN_UNUSED_FUNCTION = YES;
				GCC_WARN_UNUSED_VARIABLE = YES;
				IPHONEOS_DEPLOYMENT_TARGET = 15.0;
				LOCALIZATION_PREFERS_STRING_CATALOGS = YES;
				MTL_ENABLE_DEBUG_INFO = NO;
				MTL_FAST_MATH = YES;
				SDKROOT = iphoneos;
				SWIFT_COMPILATION_MODE = wholemodule;
				VALIDATE_PRODUCT = YES;
			};
			name = Release;
		};
		CC37808A2BE9E95B009313EA /* Debug */ = {
			isa = XCBuildConfiguration;
			buildSettings = {
				ASSETCATALOG_COMPILER_APPICON_NAME = AppIcon;
				ASSETCATALOG_COMPILER_GLOBAL_ACCENT_COLOR_NAME = AccentColor;
				CODE_SIGN_STYLE = Automatic;
				CURRENT_PROJECT_VERSION = 1;
				DEVELOPMENT_TEAM = GKWM8Q6TMS;
				GENERATE_INFOPLIST_FILE = YES;
				INFOPLIST_FILE = DevilsDingDong/Info.plist;
				INFOPLIST_KEY_UIApplicationSupportsIndirectInputEvents = YES;
				INFOPLIST_KEY_UILaunchStoryboardName = LaunchScreen;
				INFOPLIST_KEY_UISupportedInterfaceOrientations = "UIInterfaceOrientationPortrait UIInterfaceOrientationPortraitUpsideDown";
				IPHONEOS_DEPLOYMENT_TARGET = 15.0;
				LD_RUNPATH_SEARCH_PATHS = (
					"$(inherited)",
					"@executable_path/Frameworks",
				);
				MARKETING_VERSION = 1.0;
				PRODUCT_BUNDLE_IDENTIFIER = com.leewanjae.DevilsDingDong;
				PRODUCT_NAME = "$(TARGET_NAME)";
				SUPPORTED_PLATFORMS = "iphoneos iphonesimulator";
				SUPPORTS_MACCATALYST = NO;
				SUPPORTS_XR_DESIGNED_FOR_IPHONE_IPAD = NO;
				SWIFT_EMIT_LOC_STRINGS = YES;
				SWIFT_VERSION = 5.0;
				TARGETED_DEVICE_FAMILY = "1,2";
			};
			name = Debug;
		};
		CC37808B2BE9E95B009313EA /* Release */ = {
			isa = XCBuildConfiguration;
			buildSettings = {
				ASSETCATALOG_COMPILER_APPICON_NAME = AppIcon;
				ASSETCATALOG_COMPILER_GLOBAL_ACCENT_COLOR_NAME = AccentColor;
				CODE_SIGN_STYLE = Automatic;
				CURRENT_PROJECT_VERSION = 1;
				DEVELOPMENT_TEAM = GKWM8Q6TMS;
				GENERATE_INFOPLIST_FILE = YES;
				INFOPLIST_FILE = DevilsDingDong/Info.plist;
				INFOPLIST_KEY_UIApplicationSupportsIndirectInputEvents = YES;
				INFOPLIST_KEY_UILaunchStoryboardName = LaunchScreen;
				INFOPLIST_KEY_UISupportedInterfaceOrientations = "UIInterfaceOrientationPortrait UIInterfaceOrientationPortraitUpsideDown";
				IPHONEOS_DEPLOYMENT_TARGET = 15.0;
				LD_RUNPATH_SEARCH_PATHS = (
					"$(inherited)",
					"@executable_path/Frameworks",
				);
				MARKETING_VERSION = 1.0;
				PRODUCT_BUNDLE_IDENTIFIER = com.leewanjae.DevilsDingDong;
				PRODUCT_NAME = "$(TARGET_NAME)";
				SUPPORTED_PLATFORMS = "iphoneos iphonesimulator";
				SUPPORTS_MACCATALYST = NO;
				SUPPORTS_XR_DESIGNED_FOR_IPHONE_IPAD = NO;
				SWIFT_EMIT_LOC_STRINGS = YES;
				SWIFT_VERSION = 5.0;
				TARGETED_DEVICE_FAMILY = "1,2";
			};
			name = Release;
		};
/* End XCBuildConfiguration section */

/* Begin XCConfigurationList section */
		CC3780702BE9E95A009313EA /* Build configuration list for PBXProject "DevilsDingDong" */ = {
			isa = XCConfigurationList;
			buildConfigurations = (
				CC3780872BE9E95B009313EA /* Debug */,
				CC3780882BE9E95B009313EA /* Release */,
			);
			defaultConfigurationIsVisible = 0;
			defaultConfigurationName = Release;
		};
		CC3780892BE9E95B009313EA /* Build configuration list for PBXNativeTarget "DevilsDingDong" */ = {
			isa = XCConfigurationList;
			buildConfigurations = (
				CC37808A2BE9E95B009313EA /* Debug */,
				CC37808B2BE9E95B009313EA /* Release */,
			);
			defaultConfigurationIsVisible = 0;
			defaultConfigurationName = Release;
		};
/* End XCConfigurationList section */
	};
	rootObject = CC37806D2BE9E95A009313EA /* Project object */;
}
